
Microsoft Visual Studio Solution File, Format Version 12.00
# Visual Studio 15
VisualStudioVersion = 15.0.28307.136
MinimumVisualStudioVersion = 10.0.40219.1
Project("{FAE04EC0-301F-11D3-BF4B-00C04F79EFBC}") = "PointSetProximityLibray", "PointSetProximityLibray\PointSetProximityLibray.csproj", "{A1C60BFA-9B4A-4FC1-A84F-9B40ADD633EA}"
EndProject
Project("{FAE04EC0-301F-11D3-BF4B-00C04F79EFBC}") = "PointSetProximityTests", "PointSetProximityTests\PointSetProximityTests.csproj", "{221D128D-65EA-406F-A908-2158B8D90686}"
EndProject
Global
	GlobalSection(SolutionConfigurationPlatforms) = preSolution
		Debug|Any CPU = Debug|Any CPU
		Release|Any CPU = Release|Any CPU
	EndGlobalSection
	GlobalSection(ProjectConfigurationPlatforms) = postSolution
		{A1C60BFA-9B4A-4FC1-A84F-9B40ADD633EA}.Debug|Any CPU.ActiveCfg = Debug|Any CPU
		{A1C60BFA-9B4A-4FC1-A84F-9B40ADD633EA}.Debug|Any CPU.Build.0 = Debug|Any CPU
		{A1C60BFA-9B4A-4FC1-A84F-9B40ADD633EA}.Release|Any CPU.ActiveCfg = Release|Any CPU
		{A1C60BFA-9B4A-4FC1-A84F-9B40ADD633EA}.Release|Any CPU.Build.0 = Release|Any CPU
		{221D128D-65EA-406F-A908-2158B8D90686}.Debug|Any CPU.ActiveCfg = Debug|Any CPU
		{221D128D-65EA-406F-A908-2158B8D90686}.Debug|Any CPU.Build.0 = Debug|Any CPU
		{221D128D-65EA-406F-A908-2158B8D90686}.Release|Any CPU.ActiveCfg = Release|Any CPU
		{221D128D-65EA-406F-A908-2158B8D90686}.Release|Any CPU.Build.0 = Release|Any CPU
	EndGlobalSection
	GlobalSection(SolutionProperties) = preSolution
		HideSolutionNode = FALSE
	EndGlobalSection
	GlobalSection(ExtensibilityGlobals) = postSolution
		SolutionGuid = {9DE6E0CA-5D1B-4093-BF9F-7791748770A3}
	EndGlobalSection
EndGlobal
